
Microsoft Visual Studio Solution File, Format Version 12.00
# Visual Studio 15
VisualStudioVersion = 15.0.27130.2027
MinimumVisualStudioVersion = 10.0.40219.1
Project("{FAE04EC0-301F-11D3-BF4B-00C04F79EFBC}") = "CsvToKml", "CsvToKml\CsvToKml.csproj", "{9AF54FF0-1668-4502-B805-0335FED71204}"
EndProject
Global
	GlobalSection(SolutionConfigurationPlatforms) = preSolution
		Debug|Any CPU = Debug|Any CPU
		Release|Any CPU = Release|Any CPU
	EndGlobalSection
	GlobalSection(ProjectConfigurationPlatforms) = postSolution
		{9AF54FF0-1668-4502-B805-0335FED71204}.Debug|Any CPU.ActiveCfg = Debug|Any CPU
		{9AF54FF0-1668-4502-B805-0335FED71204}.Debug|Any CPU.Build.0 = Debug|Any CPU
		{9AF54FF0-1668-4502-B805-0335FED71204}.Release|Any CPU.ActiveCfg = Release|Any CPU
		{9AF54FF0-1668-4502-B805-0335FED71204}.Release|Any CPU.Build.0 = Release|Any CPU
	EndGlobalSection
	GlobalSection(SolutionProperties) = preSolution
		HideSolutionNode = FALSE
	EndGlobalSection
	GlobalSection(ExtensibilityGlobals) = postSolution
		SolutionGuid = {2468CC80-E290-4B36-B19B-54ED1663C853}
	EndGlobalSection
EndGlobal
